Microsoft Visual Studio Solution File, Format Version 12.00
# Visual Studio Version 17
VisualStudioVersion = 17.5.2.0
MinimumVisualStudioVersion = 10.0.40219.1
Project("{FAE04EC0-301F-11D3-BF4B-00C04F79EFBC}") = "JNSoundboardCore", "JNSoundboardCore.csproj", "{BB9783C1-E228-E8BF-E2ED-0B178C522E20}"
EndProject
Global
	GlobalSection(SolutionConfigurationPlatforms) = preSolution
		Debug|Any CPU = Debug|Any CPU
		Release|Any CPU = Release|Any CPU
	EndGlobalSection
	GlobalSection(ProjectConfigurationPlatforms) = postSolution
		{BB9783C1-E228-E8BF-E2ED-0B178C522E20}.Debug|Any CPU.ActiveCfg = Debug|Any CPU
		{BB9783C1-E228-E8BF-E2ED-0B178C522E20}.Debug|Any CPU.Build.0 = Debug|Any CPU
		{BB9783C1-E228-E8BF-E2ED-0B178C522E20}.Release|Any CPU.ActiveCfg = Release|Any CPU
		{BB9783C1-E228-E8BF-E2ED-0B178C522E20}.Release|Any CPU.Build.0 = Release|Any CPU
	EndGlobalSection
	GlobalSection(SolutionProperties) = preSolution
		HideSolutionNode = FALSE
	EndGlobalSection
	GlobalSection(ExtensibilityGlobals) = postSolution
		SolutionGuid = {FA4BB735-64A4-45E2-A493-24A47712222F}
	EndGlobalSection
EndGlobal
